
Microsoft Visual Studio Solution File, Format Version 12.00
# Visual Studio Version 16
VisualStudioVersion = 16.0.31205.134
MinimumVisualStudioVersion = 10.0.40219.1
Project("{FAE04EC0-301F-11D3-BF4B-00C04F79EFBC}") = "RaidPlugin", "RaidPlugin.csproj", "{79169654-730D-4478-A6E8-D4B6916EC2AF}"
EndProject
Global
	GlobalSection(SolutionConfigurationPlatforms) = preSolution
		Debug|Any CPU = Debug|Any CPU
		Release|Any CPU = Release|Any CPU
	EndGlobalSection
	GlobalSection(ProjectConfigurationPlatforms) = postSolution
		{79169654-730D-4478-A6E8-D4B6916EC2AF}.Debug|Any CPU.ActiveCfg = Debug|Any CPU
		{79169654-730D-4478-A6E8-D4B6916EC2AF}.Debug|Any CPU.Build.0 = Debug|Any CPU
		{79169654-730D-4478-A6E8-D4B6916EC2AF}.Release|Any CPU.ActiveCfg = Release|Any CPU
		{79169654-730D-4478-A6E8-D4B6916EC2AF}.Release|Any CPU.Build.0 = Release|Any CPU
	EndGlobalSection
	GlobalSection(SolutionProperties) = preSolution
		HideSolutionNode = FALSE
	EndGlobalSection
	GlobalSection(ExtensibilityGlobals) = postSolution
		SolutionGuid = {F7C49F3D-21EF-4A97-A357-934EC6AE36D8}
	EndGlobalSection
EndGlobal
